
Microsoft Visual Studio Solution File, Format Version 12.00
# Visual Studio Version 16
VisualStudioVersion = 16.0.30011.22
MinimumVisualStudioVersion = 10.0.40219.1
Project("{9A19103F-16F7-4668-BE54-9A1E7A4F7556}") = "FluentSqlBuilder", "FluentSqlBuilder\FluentSqlBuilder.csproj", "{F88DD2D0-8583-4024-B36A-A1C7A1466FAC}"
EndProject
Project("{9A19103F-16F7-4668-BE54-9A1E7A4F7556}") = "SqlBuilder.Tests", "SqlBuilder.Tests\SqlBuilder.Tests.csproj", "{BD7F43FB-A0B4-41E0-B059-B4B2562557AA}"
EndProject
Global
	GlobalSection(SolutionConfigurationPlatforms) = preSolution
		Debug|Any CPU = Debug|Any CPU
		Release|Any CPU = Release|Any CPU
	EndGlobalSection
	GlobalSection(ProjectConfigurationPlatforms) = postSolution
		{F88DD2D0-8583-4024-B36A-A1C7A1466FAC}.Debug|Any CPU.ActiveCfg = Debug|Any CPU
		{F88DD2D0-8583-4024-B36A-A1C7A1466FAC}.Debug|Any CPU.Build.0 = Debug|Any CPU
		{F88DD2D0-8583-4024-B36A-A1C7A1466FAC}.Release|Any CPU.ActiveCfg = Release|Any CPU
		{F88DD2D0-8583-4024-B36A-A1C7A1466FAC}.Release|Any CPU.Build.0 = Release|Any CPU
		{BD7F43FB-A0B4-41E0-B059-B4B2562557AA}.Debug|Any CPU.ActiveCfg = Debug|Any CPU
		{BD7F43FB-A0B4-41E0-B059-B4B2562557AA}.Debug|Any CPU.Build.0 = Debug|Any CPU
		{BD7F43FB-A0B4-41E0-B059-B4B2562557AA}.Release|Any CPU.ActiveCfg = Release|Any CPU
		{BD7F43FB-A0B4-41E0-B059-B4B2562557AA}.Release|Any CPU.Build.0 = Release|Any CPU
	EndGlobalSection
	GlobalSection(SolutionProperties) = preSolution
		HideSolutionNode = FALSE
	EndGlobalSection
	GlobalSection(ExtensibilityGlobals) = postSolution
		SolutionGuid = {4C6F4548-E845-4047-8C63-C91B643C2861}
	EndGlobalSection
EndGlobal
